
Microsoft Visual Studio Solution File, Format Version 12.00
# Visual Studio 2012
Project("{FAE04EC0-301F-11D3-BF4B-00C04F79EFBC}") = "WFA4", "WFA4\WFA4.csproj", "{166429E9-FB2C-4210-AF13-885A57F3B230}"
EndProject
Global
	GlobalSection(SolutionConfigurationPlatforms) = preSolution
		Debug|Any CPU = Debug|Any CPU
		Release|Any CPU = Release|Any CPU
	EndGlobalSection
	GlobalSection(ProjectConfigurationPlatforms) = postSolution
		{166429E9-FB2C-4210-AF13-885A57F3B230}.Debug|Any CPU.ActiveCfg = Debug|Any CPU
		{166429E9-FB2C-4210-AF13-885A57F3B230}.Debug|Any CPU.Build.0 = Debug|Any CPU
		{166429E9-FB2C-4210-AF13-885A57F3B230}.Release|Any CPU.ActiveCfg = Release|Any CPU
		{166429E9-FB2C-4210-AF13-885A57F3B230}.Release|Any CPU.Build.0 = Release|Any CPU
	EndGlobalSection
	GlobalSection(SolutionProperties) = preSolution
		HideSolutionNode = FALSE
	EndGlobalSection
EndGlobal
